
Microsoft Visual Studio Solution File, Format Version 12.00
# Visual Studio Version 17
VisualStudioVersion = 17.0.32014.148
MinimumVisualStudioVersion = 10.0.40219.1
Project("{FAE04EC0-301F-11D3-BF4B-00C04F79EFBC}") = "AbstraindoumJogodeRPGU", "AbstraindoumJogodeRPGU.csproj", "{35D4EE1E-939B-4A14-B3D7-E00D06E09C8B}"
EndProject
Global
	GlobalSection(SolutionConfigurationPlatforms) = preSolution
		Debug|Any CPU = Debug|Any CPU
		Release|Any CPU = Release|Any CPU
	EndGlobalSection
	GlobalSection(ProjectConfigurationPlatforms) = postSolution
		{35D4EE1E-939B-4A14-B3D7-E00D06E09C8B}.Debug|Any CPU.ActiveCfg = Debug|Any CPU
		{35D4EE1E-939B-4A14-B3D7-E00D06E09C8B}.Debug|Any CPU.Build.0 = Debug|Any CPU
		{35D4EE1E-939B-4A14-B3D7-E00D06E09C8B}.Release|Any CPU.ActiveCfg = Release|Any CPU
		{35D4EE1E-939B-4A14-B3D7-E00D06E09C8B}.Release|Any CPU.Build.0 = Release|Any CPU
	EndGlobalSection
	GlobalSection(SolutionProperties) = preSolution
		HideSolutionNode = FALSE
	EndGlobalSection
	GlobalSection(ExtensibilityGlobals) = postSolution
		SolutionGuid = {0F19C679-92FA-47BE-99F2-263B74A25EA4}
	EndGlobalSection
EndGlobal
